// !$*UTF8*$!
{
	archiveVersion = 1;
	classes = {
	};
	objectVersion = 50;
	objects = {

/* Begin PBXBuildFile section */
		150A52302730416900F8D7FF /* AppDelegate.swift in Sources */ = {isa = PBXBuildFile; fileRef = 150A522F2730416900F8D7FF /* AppDelegate.swift */; };
		150A52322730416900F8D7FF /* SceneDelegate.swift in Sources */ = {isa = PBXBuildFile; fileRef = 150A52312730416900F8D7FF /* SceneDelegate.swift */; };
		150A52342730416900F8D7FF /* ViewController.swift in Sources */ = {isa = PBXBuildFile; fileRef = 150A52332730416900F8D7FF /* ViewController.swift */; };
		150A52372730416900F8D7FF /* Main.storyboard in Resources */ = {isa = PBXBuildFile; fileRef = 150A52352730416900F8D7FF /* Main.storyboard */; };
		150A52392730416C00F8D7FF /* Assets.xcassets in Resources */ = {isa = PBXBuildFile; fileRef = 150A52382730416C00F8D7FF /* Assets.xcassets */; };
		150A523C2730416C00F8D7FF /* LaunchScreen.storyboard in Resources */ = {isa = PBXBuildFile; fileRef = 150A523A2730416C00F8D7FF /* LaunchScreen.storyboard */; };
		150A52442730457E00F8D7FF /* Screen2ViewController.swift in Sources */ = {isa = PBXBuildFile; fileRef = 150A52432730457E00F8D7FF /* Screen2ViewController.swift */; };
		150A524627304A3B00F8D7FF /* Screen3ViewController.swift in Sources */ = {isa = PBXBuildFile; fileRef = 150A524527304A3B00F8D7FF /* Screen3ViewController.swift */; };
		150A524827304FA600F8D7FF /* Dog.swift in Sources */ = {isa = PBXBuildFile; fileRef = 150A524727304FA600F8D7FF /* Dog.swift */; };
/* End PBXBuildFile section */

/* Begin PBXFileReference section */
		150A522C2730416900F8D7FF /* MultiscreenAppDemo.app */ = {isa = PBXFileReference; explicitFileType = wrapper.application; includeInIndex = 0; path = MultiscreenAppDemo.app; sourceTree = BUILT_PRODUCTS_DIR; };
		150A522F2730416900F8D7FF /* AppDelegate.swift */ = {isa = PBXFileReference; lastKnownFileType = sourcecode.swift; path = AppDelegate.swift; sourceTree = "<group>"; };
		150A52312730416900F8D7FF /* SceneDelegate.swift */ = {isa = PBXFileReference; lastKnownFileType = sourcecode.swift; path = SceneDelegate.swift; sourceTree = "<group>"; };
		150A52332730416900F8D7FF /* ViewController.swift */ = {isa = PBXFileReference; lastKnownFileType = sourcecode.swift; path = ViewController.swift; sourceTree = "<group>"; };
		150A52362730416900F8D7FF /* Base */ = {isa = PBXFileReference; lastKnownFileType = file.storyboard; name = Base; path = Base.lproj/Main.storyboard; sourceTree = "<group>"; };
		150A52382730416C00F8D7FF /* Assets.xcassets */ = {isa = PBXFileReference; lastKnownFileType = folder.assetcatalog; path = Assets.xcassets; sourceTree = "<group>"; };
		150A523B2730416C00F8D7FF /* Base */ = {isa = PBXFileReference; lastKnownFileType = file.storyboard; name = Base; path = Base.lproj/LaunchScreen.storyboard; sourceTree = "<group>"; };
		150A523D2730416C00F8D7FF /* Info.plist */ = {isa = PBXFileReference; lastKnownFileType = text.plist.xml; path = Info.plist; sourceTree = "<group>"; };
		150A52432730457E00F8D7FF /* Screen2ViewController.swift */ = {isa = PBXFileReference; lastKnownFileType = sourcecode.swift; path = Screen2ViewController.swift; sourceTree = "<group>"; };
		150A524527304A3B00F8D7FF /* Screen3ViewController.swift */ = {isa = PBXFileReference; lastKnownFileType = sourcecode.swift; path = Screen3ViewController.swift; sourceTree = "<group>"; };
		150A524727304FA600F8D7FF /* Dog.swift */ = {isa = PBXFileReference; lastKnownFileType = sourcecode.swift; path = Dog.swift; sourceTree = "<group>"; };
/* End PBXFileReference section */

/* Begin PBXFrameworksBuildPhase section */
		150A52292730416900F8D7FF /* Frameworks */ = {
			isa = PBXFrameworksBuildPhase;
			buildActionMask = 2147483647;
			files = (
			);
			runOnlyForDeploymentPostprocessing = 0;
		};
/* End PBXFrameworksBuildPhase section */

/* Begin PBXGroup section */
		150A52232730416900F8D7FF = {
			isa = PBXGroup;
			children = (
				150A522E2730416900F8D7FF /* MultiscreenAppDemo */,
				150A522D2730416900F8D7FF /* Products */,
			);
			sourceTree = "<group>";
		};
		150A522D2730416900F8D7FF /* Products */ = {
			isa = PBXGroup;
			children = (
				150A522C2730416900F8D7FF /* MultiscreenAppDemo.app */,
			);
			name = Products;
			sourceTree = "<group>";
		};
		150A522E2730416900F8D7FF /* MultiscreenAppDemo */ = {
			isa = PBXGroup;
			children = (
				150A522F2730416900F8D7FF /* AppDelegate.swift */,
				150A52312730416900F8D7FF /* SceneDelegate.swift */,
				150A52432730457E00F8D7FF /* Screen2ViewController.swift */,
				150A52332730416900F8D7FF /* ViewController.swift */,
				150A52352730416900F8D7FF /* Main.storyboard */,
				150A52382730416C00F8D7FF /* Assets.xcassets */,
				150A523A2730416C00F8D7FF /* LaunchScreen.storyboard */,
				150A523D2730416C00F8D7FF /* Info.plist */,
				150A524527304A3B00F8D7FF /* Screen3ViewController.swift */,
				150A524727304FA600F8D7FF /* Dog.swift */,
			);
			path = MultiscreenAppDemo;
			sourceTree = "<group>";
		};
/* End PBXGroup section */

/* Begin PBXNativeTarget section */
		150A522B2730416900F8D7FF /* MultiscreenAppDemo */ = {
			isa = PBXNativeTarget;
			buildConfigurationList = 150A52402730416C00F8D7FF /* Build configuration list for PBXNativeTarget "MultiscreenAppDemo" */;
			buildPhases = (
				150A52282730416900F8D7FF /* Sources */,
				150A52292730416900F8D7FF /* Frameworks */,
				150A522A2730416900F8D7FF /* Resources */,
			);
			buildRules = (
			);
			dependencies = (
			);
			name = MultiscreenAppDemo;
			productName = MultiscreenAppDemo;
			productReference = 150A522C2730416900F8D7FF /* MultiscreenAppDemo.app */;
			productType = "com.apple.product-type.application";
		};
/* End PBXNativeTarget section */

/* Begin PBXProject section */
		150A52242730416900F8D7FF /* Project object */ = {
			isa = PBXProject;
			attributes = {
				LastSwiftUpdateCheck = 1250;
				LastUpgradeCheck = 1250;
				TargetAttributes = {
					150A522B2730416900F8D7FF = {
						CreatedOnToolsVersion = 12.5.1;
					};
				};
			};
			buildConfigurationList = 150A52272730416900F8D7FF /* Build configuration list for PBXProject "MultiscreenAppDemo" */;
			compatibilityVersion = "Xcode 9.3";
			developmentRegion = en;
			hasScannedForEncodings = 0;
			knownRegions = (
				en,
				Base,
			);
			mainGroup = 150A52232730416900F8D7FF;
			productRefGroup = 150A522D2730416900F8D7FF /* Products */;
			projectDirPath = "";
			projectRoot = "";
			targets = (
				150A522B2730416900F8D7FF /* MultiscreenAppDemo */,
			);
		};
/* End PBXProject section */

/* Begin PBXResourcesBuildPhase section */
		150A522A2730416900F8D7FF /* Resources */ = {
			isa = PBXResourcesBuildPhase;
			buildActionMask = 2147483647;
			files = (
				150A523C2730416C00F8D7FF /* LaunchScreen.storyboard in Resources */,
				150A52392730416C00F8D7FF /* Assets.xcassets in Resources */,
				150A52372730416900F8D7FF /* Main.storyboard in Resources */,
			);
			runOnlyForDeploymentPostprocessing = 0;
		};
/* End PBXResourcesBuildPhase section */

/* Begin PBXSourcesBuildPhase section */
		150A52282730416900F8D7FF /* Sources */ = {
			isa = PBXSourcesBuildPhase;
			buildActionMask = 2147483647;
			files = (
				150A524627304A3B00F8D7FF /* Screen3ViewController.swift in Sources */,
				150A52342730416900F8D7FF /* ViewController.swift in Sources */,
				150A524827304FA600F8D7FF /* Dog.swift in Sources */,
				150A52302730416900F8D7FF /* AppDelegate.swift in Sources */,
				150A52322730416900F8D7FF /* SceneDelegate.swift in Sources */,
				150A52442730457E00F8D7FF /* Screen2ViewController.swift in Sources */,
			);
			runOnlyForDeploymentPostprocessing = 0;
		};
/* End PBXSourcesBuildPhase section */

/* Begin PBXVariantGroup section */
		150A52352730416900F8D7FF /* Main.storyboard */ = {
			isa = PBXVariantGroup;
			children = (
				150A52362730416900F8D7FF /* Base */,
			);
			name = Main.storyboard;
			sourceTree = "<group>";
		};
		150A523A2730416C00F8D7FF /* LaunchScreen.storyboard */ = {
			isa = PBXVariantGroup;
			children = (
				150A523B2730416C00F8D7FF /* Base */,
			);
			name = LaunchScreen.storyboard;
			sourceTree = "<group>";
		};
/* End PBXVariantGroup section */

/* Begin XCBuildConfiguration section */
		150A523E2730416C00F8D7FF /* Debug */ = {
			isa = XCBuildConfiguration;
			buildSettings = {
				ALWAYS_SEARCH_USER_PATHS = NO;
				CLANG_ANALYZER_NONNULL = YES;
				CLANG_ANALYZER_NUMBER_OBJECT_CONVERSION = YES_AGGRESSIVE;
				CLANG_CXX_LANGUAGE_STANDARD = "gnu++14";
				CLANG_CXX_LIBRARY = "libc++";
				CLANG_ENABLE_MODULES = YES;
				CLANG_ENABLE_OBJC_ARC = YES;
				CLANG_ENABLE_OBJC_WEAK = YES;
				CLANG_WARN_BLOCK_CAPTURE_AUTORELEASING = YES;
				CLANG_WARN_BOOL_CONVERSION = YES;
				CLANG_WARN_COMMA = YES;
				CLANG_WARN_CONSTANT_CONVERSION = YES;
				CLANG_WARN_DEPRECATED_OBJC_IMPLEMENTATIONS = YES;
				CLANG_WARN_DIRECT_OBJC_ISA_USAGE = YES_ERROR;
				CLANG_WARN_DOCUMENTATION_COMMENTS = YES;
				CLANG_WARN_EMPTY_BODY = YES;
				CLANG_WARN_ENUM_CONVERSION = YES;
				CLANG_WARN_INFINITE_RECURSION = YES;
				CLANG_WARN_INT_CONVERSION = YES;
				CLANG_WARN_NON_LITERAL_NULL_CONVERSION = YES;
				CLANG_WARN_OBJC_IMPLICIT_RETAIN_SELF = YES;
				CLANG_WARN_OBJC_LITERAL_CONVERSION = YES;
				CLANG_WARN_OBJC_ROOT_CLASS = YES_ERROR;
				CLANG_WARN_QUOTED_INCLUDE_IN_FRAMEWORK_HEADER = YES;
				CLANG_WARN_RANGE_LOOP_ANALYSIS = YES;
				CLANG_WARN_STRICT_PROTOTYPES = YES;
				CLANG_WARN_SUSPICIOUS_MOVE = YES;
				CLANG_WARN_UNGUARDED_AVAILABILITY = YES_AGGRESSIVE;
				CLANG_WARN_UNREACHABLE_CODE = YES;
				CLANG_WARN__DUPLICATE_METHOD_MATCH = YES;
				COPY_PHASE_STRIP = NO;
				DEBUG_INFORMATION_FORMAT = dwarf;
				ENABLE_STRICT_OBJC_MSGSEND = YES;
				ENABLE_TESTABILITY = YES;
				GCC_C_LANGUAGE_STANDARD = gnu11;
				GCC_DYNAMIC_NO_PIC = NO;
				GCC_NO_COMMON_BLOCKS = YES;
				GCC_OPTIMIZATION_LEVEL = 0;
				GCC_PREPROCESSOR_DEFINITIONS = (
					"DEBUG=1",
					"$(inherited)",
				);
				GCC_WARN_64_TO_32_BIT_CONVERSION = YES;
				GCC_WARN_ABOUT_RETURN_TYPE = YES_ERROR;
				GCC_WARN_UNDECLARED_SELECTOR = YES;
				GCC_WARN_UNINITIALIZED_AUTOS = YES_AGGRESSIVE;
				GCC_WARN_UNUSED_FUNCTION = YES;
				GCC_WARN_UNUSED_VARIABLE = YES;
				IPHONEOS_DEPLOYMENT_TARGET = 14.5;
				MTL_ENABLE_DEBUG_INFO = INCLUDE_SOURCE;
				MTL_FAST_MATH = YES;
				ONLY_ACTIVE_ARCH = YES;
				SDKROOT = iphoneos;
				SWIFT_ACTIVE_COMPILATION_CONDITIONS = DEBUG;
				SWIFT_OPTIMIZATION_LEVEL = "-Onone";
			};
			name = Debug;
		};
		150A523F2730416C00F8D7FF /* Release */ = {
			isa = XCBuildConfiguration;
			buildSettings = {
				ALWAYS_SEARCH_USER_PATHS = NO;
				CLANG_ANALYZER_NONNULL = YES;
				CLANG_ANALYZER_NUMBER_OBJECT_CONVERSION = YES_AGGRESSIVE;
				CLANG_CXX_LANGUAGE_STANDARD = "gnu++14";
				CLANG_CXX_LIBRARY = "libc++";
				CLANG_ENABLE_MODULES = YES;
				CLANG_ENABLE_OBJC_ARC = YES;
				CLANG_ENABLE_OBJC_WEAK = YES;
				CLANG_WARN_BLOCK_CAPTURE_AUTORELEASING = YES;
				CLANG_WARN_BOOL_CONVERSION = YES;
				CLANG_WARN_COMMA = YES;
				CLANG_WARN_CONSTANT_CONVERSION = YES;
				CLANG_WARN_DEPRECATED_OBJC_IMPLEMENTATIONS = YES;
				CLANG_WARN_DIRECT_OBJC_ISA_USAGE = YES_ERROR;
				CLANG_WARN_DOCUMENTATION_COMMENTS = YES;
				CLANG_WARN_EMPTY_BODY = YES;
				CLANG_WARN_ENUM_CONVERSION = YES;
				CLANG_WARN_INFINITE_RECURSION = YES;
				CLANG_WARN_INT_CONVERSION = YES;
				CLANG_WARN_NON_LITERAL_NULL_CONVERSION = YES;
				CLANG_WARN_OBJC_IMPLICIT_RETAIN_SELF = YES;
				CLANG_WARN_OBJC_LITERAL_CONVERSION = YES;
				CLANG_WARN_OBJC_ROOT_CLASS = YES_ERROR;
				CLANG_WARN_QUOTED_INCLUDE_IN_FRAMEWORK_HEADER = YES;
				CLANG_WARN_RANGE_LOOP_ANALYSIS = YES;
				CLANG_WARN_STRICT_PROTOTYPES = YES;
				CLANG_WARN_SUSPICIOUS_MOVE = YES;
				CLANG_WARN_UNGUARDED_AVAILABILITY = YES_AGGRESSIVE;
				CLANG_WARN_UNREACHABLE_CODE = YES;
				CLANG_WARN__DUPLICATE_METHOD_MATCH = YES;
				COPY_PHASE_STRIP = NO;
				DEBUG_INFORMATION_FORMAT = "dwarf-with-dsym";
				ENABLE_NS_ASSERTIONS = NO;
				ENABLE_STRICT_OBJC_MSGSEND = YES;
				GCC_C_LANGUAGE_STANDARD = gnu11;
				GCC_NO_COMMON_BLOCKS = YES;
				GCC_WARN_64_TO_32_BIT_CONVERSION = YES;
				GCC_WARN_ABOUT_RETURN_TYPE = YES_ERROR;
				GCC_WARN_UNDECLARED_SELECTOR = YES;
				GCC_WARN_UNINITIALIZED_AUTOS = YES_AGGRESSIVE;
				GCC_WARN_UNUSED_FUNCTION = YES;
				GCC_WARN_UNUSED_VARIABLE = YES;
				IPHONEOS_DEPLOYMENT_TARGET = 14.5;
				MTL_ENABLE_DEBUG_INFO = NO;
				MTL_FAST_MATH = YES;
				SDKROOT = iphoneos;
				SWIFT_COMPILATION_MODE = wholemodule;
				SWIFT_OPTIMIZATION_LEVEL = "-O";
				VALIDATE_PRODUCT = YES;
			};
			name = Release;
		};
		150A52412730416C00F8D7FF /* Debug */ = {
			isa = XCBuildConfiguration;
			buildSettings = {
				ASSETCATALOG_COMPILER_APPICON_NAME = AppIcon;
				ASSETCATALOG_COMPILER_GLOBAL_ACCENT_COLOR_NAME = AccentColor;
				CODE_SIGN_STYLE = Automatic;
				INFOPLIST_FILE = MultiscreenAppDemo/Info.plist;
				LD_RUNPATH_SEARCH_PATHS = (
					"$(inherited)",
					"@executable_path/Frameworks",
				);
				PRODUCT_BUNDLE_IDENTIFIER = com.test.MultiscreenAppDemo;
				PRODUCT_NAME = "$(TARGET_NAME)";
				SWIFT_VERSION = 5.0;
				TARGETED_DEVICE_FAMILY = "1,2";
			};
			name = Debug;
		};
		150A52422730416C00F8D7FF /* Release */ = {
			isa = XCBuildConfiguration;
			buildSettings = {
				ASSETCATALOG_COMPILER_APPICON_NAME = AppIcon;
				ASSETCATALOG_COMPILER_GLOBAL_ACCENT_COLOR_NAME = AccentColor;
				CODE_SIGN_STYLE = Automatic;
				INFOPLIST_FILE = MultiscreenAppDemo/Info.plist;
				LD_RUNPATH_SEARCH_PATHS = (
					"$(inherited)",
					"@executable_path/Frameworks",
				);
				PRODUCT_BUNDLE_IDENTIFIER = com.test.MultiscreenAppDemo;
				PRODUCT_NAME = "$(TARGET_NAME)";
				SWIFT_VERSION = 5.0;
				TARGETED_DEVICE_FAMILY = "1,2";
			};
			name = Release;
		};
/* End XCBuildConfiguration section */

/* Begin XCConfigurationList section */
		150A52272730416900F8D7FF /* Build configuration list for PBXProject "MultiscreenAppDemo" */ = {
			isa = XCConfigurationList;
			buildConfigurations = (
				150A523E2730416C00F8D7FF /* Debug */,
				150A523F2730416C00F8D7FF /* Release */,
			);
			defaultConfigurationIsVisible = 0;
			defaultConfigurationName = Release;
		};
		150A52402730416C00F8D7FF /* Build configuration list for PBXNativeTarget "MultiscreenAppDemo" */ = {
			isa = XCConfigurationList;
			buildConfigurations = (
				150A52412730416C00F8D7FF /* Debug */,
				150A52422730416C00F8D7FF /* Release */,
			);
			defaultConfigurationIsVisible = 0;
			defaultConfigurationName = Release;
		};
/* End XCConfigurationList section */
	};
	rootObject = 150A52242730416900F8D7FF /* Project object */;
}
